
Microsoft Visual Studio Solution File, Format Version 12.00
# Visual Studio 14
VisualStudioVersion = 14.0.23107.0
MinimumVisualStudioVersion = 10.0.40219.1
Project("{FAE04EC0-301F-11D3-BF4B-00C04F79EFBC}") = "Site Corrector", "Site Corrector\Site Corrector.csproj", "{CBAB5444-4367-4D18-9FB3-F2FCA4B16098}"
EndProject
Project("{FAE04EC0-301F-11D3-BF4B-00C04F79EFBC}") = "Biblioteka", "Biblioteka\Biblioteka.csproj", "{CE49C0B7-6188-451B-9573-0D1EBC439E58}"
EndProject
Global
	GlobalSection(SolutionConfigurationPlatforms) = preSolution
		Debug|Any CPU = Debug|Any CPU
		Release|Any CPU = Release|Any CPU
	EndGlobalSection
	GlobalSection(ProjectConfigurationPlatforms) = postSolution
		{CBAB5444-4367-4D18-9FB3-F2FCA4B16098}.Debug|Any CPU.ActiveCfg = Debug|Any CPU
		{CBAB5444-4367-4D18-9FB3-F2FCA4B16098}.Debug|Any CPU.Build.0 = Debug|Any CPU
		{CBAB5444-4367-4D18-9FB3-F2FCA4B16098}.Release|Any CPU.ActiveCfg = Release|Any CPU
		{CBAB5444-4367-4D18-9FB3-F2FCA4B16098}.Release|Any CPU.Build.0 = Release|Any CPU
		{CE49C0B7-6188-451B-9573-0D1EBC439E58}.Debug|Any CPU.ActiveCfg = Debug|Any CPU
		{CE49C0B7-6188-451B-9573-0D1EBC439E58}.Debug|Any CPU.Build.0 = Debug|Any CPU
		{CE49C0B7-6188-451B-9573-0D1EBC439E58}.Release|Any CPU.ActiveCfg = Release|Any CPU
		{CE49C0B7-6188-451B-9573-0D1EBC439E58}.Release|Any CPU.Build.0 = Release|Any CPU
	EndGlobalSection
	GlobalSection(SolutionProperties) = preSolution
		HideSolutionNode = FALSE
	EndGlobalSection
EndGlobal
